
Microsoft Visual Studio Solution File, Format Version 11.00
# Visual Basic Express 2010
Project("{F184B08F-C81C-45F6-A57F-5ABD9991F28F}") = "201902485_CHUMPAS", "201902485_CHUMPAS\201902485_CHUMPAS.vbproj", "{B08E9F4B-0AA9-4E2D-A1F8-1C4A21526403}"
EndProject
Global
	GlobalSection(SolutionConfigurationPlatforms) = preSolution
		Debug|x86 = Debug|x86
		Release|x86 = Release|x86
	EndGlobalSection
	GlobalSection(ProjectConfigurationPlatforms) = postSolution
		{B08E9F4B-0AA9-4E2D-A1F8-1C4A21526403}.Debug|x86.ActiveCfg = Debug|x86
		{B08E9F4B-0AA9-4E2D-A1F8-1C4A21526403}.Debug|x86.Build.0 = Debug|x86
		{B08E9F4B-0AA9-4E2D-A1F8-1C4A21526403}.Release|x86.ActiveCfg = Release|x86
		{B08E9F4B-0AA9-4E2D-A1F8-1C4A21526403}.Release|x86.Build.0 = Release|x86
	EndGlobalSection
	GlobalSection(SolutionProperties) = preSolution
		HideSolutionNode = FALSE
	EndGlobalSection
EndGlobal
